// !$*UTF8*$!
{
	archiveVersion = 1;
	classes = {
	};
	objectVersion = 50;
	objects = {

/* Begin PBXBuildFile section */
		C4B754AD250B60A400E6C600 /* AppDelegate.swift in Sources */ = {isa = PBXBuildFile; fileRef = C4B754AC250B60A400E6C600 /* AppDelegate.swift */; };
		C4B754AF250B60A400E6C600 /* SceneDelegate.swift in Sources */ = {isa = PBXBuildFile; fileRef = C4B754AE250B60A400E6C600 /* SceneDelegate.swift */; };
		C4B754B1250B60A400E6C600 /* ContentView.swift in Sources */ = {isa = PBXBuildFile; fileRef = C4B754B0250B60A400E6C600 /* ContentView.swift */; };
		C4B754B3250B60A400E6C600 /* Assets.xcassets in Resources */ = {isa = PBXBuildFile; fileRef = C4B754B2250B60A400E6C600 /* Assets.xcassets */; };
		C4B754B6250B60A400E6C600 /* Preview Assets.xcassets in Resources */ = {isa = PBXBuildFile; fileRef = C4B754B5250B60A400E6C600 /* Preview Assets.xcassets */; };
		C4B754B9250B60A400E6C600 /* LaunchScreen.storyboard in Resources */ = {isa = PBXBuildFile; fileRef = C4B754B7250B60A400E6C600 /* LaunchScreen.storyboard */; };
/* End PBXBuildFile section */

/* Begin PBXFileReference section */
		C4B754A9250B60A400E6C600 /* Family Poker Night.app */ = {isa = PBXFileReference; explicitFileType = wrapper.application; includeInIndex = 0; path = "Family Poker Night.app"; sourceTree = BUILT_PRODUCTS_DIR; };
		C4B754AC250B60A400E6C600 /* AppDelegate.swift */ = {isa = PBXFileReference; lastKnownFileType = sourcecode.swift; path = AppDelegate.swift; sourceTree = "<group>"; };
		C4B754AE250B60A400E6C600 /* SceneDelegate.swift */ = {isa = PBXFileReference; lastKnownFileType = sourcecode.swift; path = SceneDelegate.swift; sourceTree = "<group>"; };
		C4B754B0250B60A400E6C600 /* ContentView.swift */ = {isa = PBXFileReference; lastKnownFileType = sourcecode.swift; path = ContentView.swift; sourceTree = "<group>"; };
		C4B754B2250B60A400E6C600 /* Assets.xcassets */ = {isa = PBXFileReference; lastKnownFileType = folder.assetcatalog; path = Assets.xcassets; sourceTree = "<group>"; };
		C4B754B5250B60A400E6C600 /* Preview Assets.xcassets */ = {isa = PBXFileReference; lastKnownFileType = folder.assetcatalog; path = "Preview Assets.xcassets"; sourceTree = "<group>"; };
		C4B754B8250B60A400E6C600 /* Base */ = {isa = PBXFileReference; lastKnownFileType = file.storyboard; name = Base; path = Base.lproj/LaunchScreen.storyboard; sourceTree = "<group>"; };
		C4B754BA250B60A400E6C600 /* Info.plist */ = {isa = PBXFileReference; lastKnownFileType = text.plist.xml; path = Info.plist; sourceTree = "<group>"; };
/* End PBXFileReference section */

/* Begin PBXFrameworksBuildPhase section */
		C4B754A6250B60A400E6C600 /* Frameworks */ = {
			isa = PBXFrameworksBuildPhase;
			buildActionMask = 2147483647;
			files = (
			);
			runOnlyForDeploymentPostprocessing = 0;
		};
/* End PBXFrameworksBuildPhase section */

/* Begin PBXGroup section */
		C4B754A0250B60A400E6C600 = {
			isa = PBXGroup;
			children = (
				C4B754AB250B60A400E6C600 /* Family Poker Night */,
				C4B754AA250B60A400E6C600 /* Products */,
			);
			sourceTree = "<group>";
		};
		C4B754AA250B60A400E6C600 /* Products */ = {
			isa = PBXGroup;
			children = (
				C4B754A9250B60A400E6C600 /* Family Poker Night.app */,
			);
			name = Products;
			sourceTree = "<group>";
		};
		C4B754AB250B60A400E6C600 /* Family Poker Night */ = {
			isa = PBXGroup;
			children = (
				C4B754AC250B60A400E6C600 /* AppDelegate.swift */,
				C4B754AE250B60A400E6C600 /* SceneDelegate.swift */,
				C4B754B0250B60A400E6C600 /* ContentView.swift */,
				C4B754B2250B60A400E6C600 /* Assets.xcassets */,
				C4B754B7250B60A400E6C600 /* LaunchScreen.storyboard */,
				C4B754BA250B60A400E6C600 /* Info.plist */,
				C4B754B4250B60A400E6C600 /* Preview Content */,
			);
			path = "Family Poker Night";
			sourceTree = "<group>";
		};
		C4B754B4250B60A400E6C600 /* Preview Content */ = {
			isa = PBXGroup;
			children = (
				C4B754B5250B60A400E6C600 /* Preview Assets.xcassets */,
			);
			path = "Preview Content";
			sourceTree = "<group>";
		};
/* End PBXGroup section */

/* Begin PBXNativeTarget section */
		C4B754A8250B60A400E6C600 /* Family Poker Night */ = {
			isa = PBXNativeTarget;
			buildConfigurationList = C4B754BD250B60A400E6C600 /* Build configuration list for PBXNativeTarget "Family Poker Night" */;
			buildPhases = (
				C4B754A5250B60A400E6C600 /* Sources */,
				C4B754A6250B60A400E6C600 /* Frameworks */,
				C4B754A7250B60A400E6C600 /* Resources */,
			);
			buildRules = (
			);
			dependencies = (
			);
			name = "Family Poker Night";
			productName = "Family Poker Night";
			productReference = C4B754A9250B60A400E6C600 /* Family Poker Night.app */;
			productType = "com.apple.product-type.application";
		};
/* End PBXNativeTarget section */

/* Begin PBXProject section */
		C4B754A1250B60A400E6C600 /* Project object */ = {
			isa = PBXProject;
			attributes = {
				LastSwiftUpdateCheck = 1160;
				LastUpgradeCheck = 1160;
				ORGANIZATIONNAME = "Daniel Pressner";
				TargetAttributes = {
					C4B754A8250B60A400E6C600 = {
						CreatedOnToolsVersion = 11.6;
					};
				};
			};
			buildConfigurationList = C4B754A4250B60A400E6C600 /* Build configuration list for PBXProject "Family Poker Night" */;
			compatibilityVersion = "Xcode 9.3";
			developmentRegion = en;
			hasScannedForEncodings = 0;
			knownRegions = (
				en,
				Base,
			);
			mainGroup = C4B754A0250B60A400E6C600;
			productRefGroup = C4B754AA250B60A400E6C600 /* Products */;
			projectDirPath = "";
			projectRoot = "";
			targets = (
				C4B754A8250B60A400E6C600 /* Family Poker Night */,
			);
		};
/* End PBXProject section */

/* Begin PBXResourcesBuildPhase section */
		C4B754A7250B60A400E6C600 /* Resources */ = {
			isa = PBXResourcesBuildPhase;
			buildActionMask = 2147483647;
			files = (
				C4B754B9250B60A400E6C600 /* LaunchScreen.storyboard in Resources */,
				C4B754B6250B60A400E6C600 /* Preview Assets.xcassets in Resources */,
				C4B754B3250B60A400E6C600 /* Assets.xcassets in Resources */,
			);
			runOnlyForDeploymentPostprocessing = 0;
		};
/* End PBXResourcesBuildPhase section */

/* Begin PBXSourcesBuildPhase section */
		C4B754A5250B60A400E6C600 /* Sources */ = {
			isa = PBXSourcesBuildPhase;
			buildActionMask = 2147483647;
			files = (
				C4B754AD250B60A400E6C600 /* AppDelegate.swift in Sources */,
				C4B754AF250B60A400E6C600 /* SceneDelegate.swift in Sources */,
				C4B754B1250B60A400E6C600 /* ContentView.swift in Sources */,
			);
			runOnlyForDeploymentPostprocessing = 0;
		};
/* End PBXSourcesBuildPhase section */

/* Begin PBXVariantGroup section */
		C4B754B7250B60A400E6C600 /* LaunchScreen.storyboard */ = {
			isa = PBXVariantGroup;
			children = (
				C4B754B8250B60A400E6C600 /* Base */,
			);
			name = LaunchScreen.storyboard;
			sourceTree = "<group>";
		};
/* End PBXVariantGroup section */

/* Begin XCBuildConfiguration section */
		C4B754BB250B60A400E6C600 /* Debug */ = {
			isa = XCBuildConfiguration;
			buildSettings = {
				ALWAYS_SEARCH_USER_PATHS = NO;
				CLANG_ANALYZER_NONNULL = YES;
				CLANG_ANALYZER_NUMBER_OBJECT_CONVERSION = YES_AGGRESSIVE;
				CLANG_CXX_LANGUAGE_STANDARD = "gnu++14";
				CLANG_CXX_LIBRARY = "libc++";
				CLANG_ENABLE_MODULES = YES;
				CLANG_ENABLE_OBJC_ARC = YES;
				CLANG_ENABLE_OBJC_WEAK = YES;
				CLANG_WARN_BLOCK_CAPTURE_AUTORELEASING = YES;
				CLANG_WARN_BOOL_CONVERSION = YES;
				CLANG_WARN_COMMA = YES;
				CLANG_WARN_CONSTANT_CONVERSION = YES;
				CLANG_WARN_DEPRECATED_OBJC_IMPLEMENTATIONS = YES;
				CLANG_WARN_DIRECT_OBJC_ISA_USAGE = YES_ERROR;
				CLANG_WARN_DOCUMENTATION_COMMENTS = YES;
				CLANG_WARN_EMPTY_BODY = YES;
				CLANG_WARN_ENUM_CONVERSION = YES;
				CLANG_WARN_INFINITE_RECURSION = YES;
				CLANG_WARN_INT_CONVERSION = YES;
				CLANG_WARN_NON_LITERAL_NULL_CONVERSION = YES;
				CLANG_WARN_OBJC_IMPLICIT_RETAIN_SELF = YES;
				CLANG_WARN_OBJC_LITERAL_CONVERSION = YES;
				CLANG_WARN_OBJC_ROOT_CLASS = YES_ERROR;
				CLANG_WARN_RANGE_LOOP_ANALYSIS = YES;
				CLANG_WARN_STRICT_PROTOTYPES = YES;
				CLANG_WARN_SUSPICIOUS_MOVE = YES;
				CLANG_WARN_UNGUARDED_AVAILABILITY = YES_AGGRESSIVE;
				CLANG_WARN_UNREACHABLE_CODE = YES;
				CLANG_WARN__DUPLICATE_METHOD_MATCH = YES;
				COPY_PHASE_STRIP = NO;
				DEBUG_INFORMATION_FORMAT = dwarf;
				ENABLE_STRICT_OBJC_MSGSEND = YES;
				ENABLE_TESTABILITY = YES;
				GCC_C_LANGUAGE_STANDARD = gnu11;
				GCC_DYNAMIC_NO_PIC = NO;
				GCC_NO_COMMON_BLOCKS = YES;
				GCC_OPTIMIZATION_LEVEL = 0;
				GCC_PREPROCESSOR_DEFINITIONS = (
					"DEBUG=1",
					"$(inherited)",
				);
				GCC_WARN_64_TO_32_BIT_CONVERSION = YES;
				GCC_WARN_ABOUT_RETURN_TYPE = YES_ERROR;
				GCC_WARN_UNDECLARED_SELECTOR = YES;
				GCC_WARN_UNINITIALIZED_AUTOS = YES_AGGRESSIVE;
				GCC_WARN_UNUSED_FUNCTION = YES;
				GCC_WARN_UNUSED_VARIABLE = YES;
				IPHONEOS_DEPLOYMENT_TARGET = 13.6;
				MTL_ENABLE_DEBUG_INFO = INCLUDE_SOURCE;
				MTL_FAST_MATH = YES;
				ONLY_ACTIVE_ARCH = YES;
				SDKROOT = iphoneos;
				SWIFT_ACTIVE_COMPILATION_CONDITIONS = DEBUG;
				SWIFT_OPTIMIZATION_LEVEL = "-Onone";
			};
			name = Debug;
		};
		C4B754BC250B60A400E6C600 /* Release */ = {
			isa = XCBuildConfiguration;
			buildSettings = {
				ALWAYS_SEARCH_USER_PATHS = NO;
				CLANG_ANALYZER_NONNULL = YES;
				CLANG_ANALYZER_NUMBER_OBJECT_CONVERSION = YES_AGGRESSIVE;
				CLANG_CXX_LANGUAGE_STANDARD = "gnu++14";
				CLANG_CXX_LIBRARY = "libc++";
				CLANG_ENABLE_MODULES = YES;
				CLANG_ENABLE_OBJC_ARC = YES;
				CLANG_ENABLE_OBJC_WEAK = YES;
				CLANG_WARN_BLOCK_CAPTURE_AUTORELEASING = YES;
				CLANG_WARN_BOOL_CONVERSION = YES;
				CLANG_WARN_COMMA = YES;
				CLANG_WARN_CONSTANT_CONVERSION = YES;
				CLANG_WARN_DEPRECATED_OBJC_IMPLEMENTATIONS = YES;
				CLANG_WARN_DIRECT_OBJC_ISA_USAGE = YES_ERROR;
				CLANG_WARN_DOCUMENTATION_COMMENTS = YES;
				CLANG_WARN_EMPTY_BODY = YES;
				CLANG_WARN_ENUM_CONVERSION = YES;
				CLANG_WARN_INFINITE_RECURSION = YES;
				CLANG_WARN_INT_CONVERSION = YES;
				CLANG_WARN_NON_LITERAL_NULL_CONVERSION = YES;
				CLANG_WARN_OBJC_IMPLICIT_RETAIN_SELF = YES;
				CLANG_WARN_OBJC_LITERAL_CONVERSION = YES;
				CLANG_WARN_OBJC_ROOT_CLASS = YES_ERROR;
				CLANG_WARN_RANGE_LOOP_ANALYSIS = YES;
				CLANG_WARN_STRICT_PROTOTYPES = YES;
				CLANG_WARN_SUSPICIOUS_MOVE = YES;
				CLANG_WARN_UNGUARDED_AVAILABILITY = YES_AGGRESSIVE;
				CLANG_WARN_UNREACHABLE_CODE = YES;
				CLANG_WARN__DUPLICATE_METHOD_MATCH = YES;
				COPY_PHASE_STRIP = NO;
				DEBUG_INFORMATION_FORMAT = "dwarf-with-dsym";
				ENABLE_NS_ASSERTIONS = NO;
				ENABLE_STRICT_OBJC_MSGSEND = YES;
				GCC_C_LANGUAGE_STANDARD = gnu11;
				GCC_NO_COMMON_BLOCKS = YES;
				GCC_WARN_64_TO_32_BIT_CONVERSION = YES;
				GCC_WARN_ABOUT_RETURN_TYPE = YES_ERROR;
				GCC_WARN_UNDECLARED_SELECTOR = YES;
				GCC_WARN_UNINITIALIZED_AUTOS = YES_AGGRESSIVE;
				GCC_WARN_UNUSED_FUNCTION = YES;
				GCC_WARN_UNUSED_VARIABLE = YES;
				IPHONEOS_DEPLOYMENT_TARGET = 13.6;
				MTL_ENABLE_DEBUG_INFO = NO;
				MTL_FAST_MATH = YES;
				SDKROOT = iphoneos;
				SWIFT_COMPILATION_MODE = wholemodule;
				SWIFT_OPTIMIZATION_LEVEL = "-O";
				VALIDATE_PRODUCT = YES;
			};
			name = Release;
		};
		C4B754BE250B60A400E6C600 /* Debug */ = {
			isa = XCBuildConfiguration;
			buildSettings = {
				ASSETCATALOG_COMPILER_APPICON_NAME = AppIcon;
				CODE_SIGN_STYLE = Automatic;
				DEVELOPMENT_ASSET_PATHS = "\"Family Poker Night/Preview Content\"";
				DEVELOPMENT_TEAM = BM85JN4AU8;
				ENABLE_PREVIEWS = YES;
				INFOPLIST_FILE = "Family Poker Night/Info.plist";
				LD_RUNPATH_SEARCH_PATHS = (
					"$(inherited)",
					"@executable_path/Frameworks",
				);
				PRODUCT_BUNDLE_IDENTIFIER = "dp.Family-Poker-Night";
				PRODUCT_NAME = "$(TARGET_NAME)";
				SWIFT_VERSION = 5.0;
				TARGETED_DEVICE_FAMILY = "1,2";
			};
			name = Debug;
		};
		C4B754BF250B60A400E6C600 /* Release */ = {
			isa = XCBuildConfiguration;
			buildSettings = {
				ASSETCATALOG_COMPILER_APPICON_NAME = AppIcon;
				CODE_SIGN_STYLE = Automatic;
				DEVELOPMENT_ASSET_PATHS = "\"Family Poker Night/Preview Content\"";
				DEVELOPMENT_TEAM = BM85JN4AU8;
				ENABLE_PREVIEWS = YES;
				INFOPLIST_FILE = "Family Poker Night/Info.plist";
				LD_RUNPATH_SEARCH_PATHS = (
					"$(inherited)",
					"@executable_path/Frameworks",
				);
				PRODUCT_BUNDLE_IDENTIFIER = "dp.Family-Poker-Night";
				PRODUCT_NAME = "$(TARGET_NAME)";
				SWIFT_VERSION = 5.0;
				TARGETED_DEVICE_FAMILY = "1,2";
			};
			name = Release;
		};
/* End XCBuildConfiguration section */

/* Begin XCConfigurationList section */
		C4B754A4250B60A400E6C600 /* Build configuration list for PBXProject "Family Poker Night" */ = {
			isa = XCConfigurationList;
			buildConfigurations = (
				C4B754BB250B60A400E6C600 /* Debug */,
				C4B754BC250B60A400E6C600 /* Release */,
			);
			defaultConfigurationIsVisible = 0;
			defaultConfigurationName = Release;
		};
		C4B754BD250B60A400E6C600 /* Build configuration list for PBXNativeTarget "Family Poker Night" */ = {
			isa = XCConfigurationList;
			buildConfigurations = (
				C4B754BE250B60A400E6C600 /* Debug */,
				C4B754BF250B60A400E6C600 /* Release */,
			);
			defaultConfigurationIsVisible = 0;
			defaultConfigurationName = Release;
		};
/* End XCConfigurationList section */
	};
	rootObject = C4B754A1250B60A400E6C600 /* Project object */;
}
